// !$*UTF8*$!
{
	archiveVersion = 1;
	classes = {
	};
	objectVersion = 50;
	objects = {

/* Begin PBXBuildFile section */
		5C1F161521E82CA2001DAAC7 /* AppDelegate.m in Sources */ = {isa = PBXBuildFile; fileRef = 5C1F161421E82CA2001DAAC7 /* AppDelegate.m */; };
		5C1F161821E82CA2001DAAC7 /* ViewController.m in Sources */ = {isa = PBXBuildFile; fileRef = 5C1F161721E82CA2001DAAC7 /* ViewController.m */; };
		5C1F161B21E82CA2001DAAC7 /* Main.storyboard in Resources */ = {isa = PBXBuildFile; fileRef = 5C1F161921E82CA2001DAAC7 /* Main.storyboard */; };
		5C1F161D21E82CA3001DAAC7 /* Assets.xcassets in Resources */ = {isa = PBXBuildFile; fileRef = 5C1F161C21E82CA3001DAAC7 /* Assets.xcassets */; };
		5C1F162021E82CA3001DAAC7 /* LaunchScreen.storyboard in Resources */ = {isa = PBXBuildFile; fileRef = 5C1F161E21E82CA3001DAAC7 /* LaunchScreen.storyboard */; };
		5C1F162321E82CA3001DAAC7 /* main.m in Sources */ = {isa = PBXBuildFile; fileRef = 5C1F162221E82CA3001DAAC7 /* main.m */; };
		5C1F162D21E82CA3001DAAC7 /* RFDatePickerViewTests.m in Sources */ = {isa = PBXBuildFile; fileRef = 5C1F162C21E82CA3001DAAC7 /* RFDatePickerViewTests.m */; };
		5C1F163821E82CA4001DAAC7 /* RFDatePickerViewUITests.m in Sources */ = {isa = PBXBuildFile; fileRef = 5C1F163721E82CA4001DAAC7 /* RFDatePickerViewUITests.m */; };
/* End PBXBuildFile section */

/* Begin PBXContainerItemProxy section */
		5C1F162921E82CA3001DAAC7 /* PBXContainerItemProxy */ = {
			isa = PBXContainerItemProxy;
			containerPortal = 5C1F160821E82CA2001DAAC7 /* Project object */;
			proxyType = 1;
			remoteGlobalIDString = 5C1F160F21E82CA2001DAAC7;
			remoteInfo = RFDatePickerView;
		};
		5C1F163421E82CA3001DAAC7 /* PBXContainerItemProxy */ = {
			isa = PBXContainerItemProxy;
			containerPortal = 5C1F160821E82CA2001DAAC7 /* Project object */;
			proxyType = 1;
			remoteGlobalIDString = 5C1F160F21E82CA2001DAAC7;
			remoteInfo = RFDatePickerView;
		};
/* End PBXContainerItemProxy section */

/* Begin PBXFileReference section */
		5C1F161021E82CA2001DAAC7 /* RFDatePickerView.app */ = {isa = PBXFileReference; explicitFileType = wrapper.application; includeInIndex = 0; path = RFDatePickerView.app; sourceTree = BUILT_PRODUCTS_DIR; };
		5C1F161321E82CA2001DAAC7 /* AppDelegate.h */ = {isa = PBXFileReference; lastKnownFileType = sourcecode.c.h; path = AppDelegate.h; sourceTree = "<group>"; };
		5C1F161421E82CA2001DAAC7 /* AppDelegate.m */ = {isa = PBXFileReference; lastKnownFileType = sourcecode.c.objc; path = AppDelegate.m; sourceTree = "<group>"; };
		5C1F161621E82CA2001DAAC7 /* ViewController.h */ = {isa = PBXFileReference; lastKnownFileType = sourcecode.c.h; path = ViewController.h; sourceTree = "<group>"; };
		5C1F161721E82CA2001DAAC7 /* ViewController.m */ = {isa = PBXFileReference; lastKnownFileType = sourcecode.c.objc; path = ViewController.m; sourceTree = "<group>"; };
		5C1F161A21E82CA2001DAAC7 /* Base */ = {isa = PBXFileReference; lastKnownFileType = file.storyboard; name = Base; path = Base.lproj/Main.storyboard; sourceTree = "<group>"; };
		5C1F161C21E82CA3001DAAC7 /* Assets.xcassets */ = {isa = PBXFileReference; lastKnownFileType = folder.assetcatalog; path = Assets.xcassets; sourceTree = "<group>"; };
		5C1F161F21E82CA3001DAAC7 /* Base */ = {isa = PBXFileReference; lastKnownFileType = file.storyboard; name = Base; path = Base.lproj/LaunchScreen.storyboard; sourceTree = "<group>"; };
		5C1F162121E82CA3001DAAC7 /* Info.plist */ = {isa = PBXFileReference; lastKnownFileType = text.plist.xml; path = Info.plist; sourceTree = "<group>"; };
		5C1F162221E82CA3001DAAC7 /* main.m */ = {isa = PBXFileReference; lastKnownFileType = sourcecode.c.objc; path = main.m; sourceTree = "<group>"; };
		5C1F162821E82CA3001DAAC7 /* RFDatePickerViewTests.xctest */ = {isa = PBXFileReference; explicitFileType = wrapper.cfbundle; includeInIndex = 0; path = RFDatePickerViewTests.xctest; sourceTree = BUILT_PRODUCTS_DIR; };
		5C1F162C21E82CA3001DAAC7 /* RFDatePickerViewTests.m */ = {isa = PBXFileReference; lastKnownFileType = sourcecode.c.objc; path = RFDatePickerViewTests.m; sourceTree = "<group>"; };
		5C1F162E21E82CA3001DAAC7 /* Info.plist */ = {isa = PBXFileReference; lastKnownFileType = text.plist.xml; path = Info.plist; sourceTree = "<group>"; };
		5C1F163321E82CA3001DAAC7 /* RFDatePickerViewUITests.xctest */ = {isa = PBXFileReference; explicitFileType = wrapper.cfbundle; includeInIndex = 0; path = RFDatePickerViewUITests.xctest; sourceTree = BUILT_PRODUCTS_DIR; };
		5C1F163721E82CA4001DAAC7 /* RFDatePickerViewUITests.m */ = {isa = PBXFileReference; lastKnownFileType = sourcecode.c.objc; path = RFDatePickerViewUITests.m; sourceTree = "<group>"; };
		5C1F163921E82CA4001DAAC7 /* Info.plist */ = {isa = PBXFileReference; lastKnownFileType = text.plist.xml; path = Info.plist; sourceTree = "<group>"; };
/* End PBXFileReference section */

/* Begin PBXFrameworksBuildPhase section */
		5C1F160D21E82CA2001DAAC7 /* Frameworks */ = {
			isa = PBXFrameworksBuildPhase;
			buildActionMask = 2147483647;
			files = (
			);
			runOnlyForDeploymentPostprocessing = 0;
		};
		5C1F162521E82CA3001DAAC7 /* Frameworks */ = {
			isa = PBXFrameworksBuildPhase;
			buildActionMask = 2147483647;
			files = (
			);
			runOnlyForDeploymentPostprocessing = 0;
		};
		5C1F163021E82CA3001DAAC7 /* Frameworks */ = {
			isa = PBXFrameworksBuildPhase;
			buildActionMask = 2147483647;
			files = (
			);
			runOnlyForDeploymentPostprocessing = 0;
		};
/* End PBXFrameworksBuildPhase section */

/* Begin PBXGroup section */
		5C1F160721E82CA2001DAAC7 = {
			isa = PBXGroup;
			children = (
				5C1F161221E82CA2001DAAC7 /* RFDatePickerView */,
				5C1F162B21E82CA3001DAAC7 /* RFDatePickerViewTests */,
				5C1F163621E82CA4001DAAC7 /* RFDatePickerViewUITests */,
				5C1F161121E82CA2001DAAC7 /* Products */,
			);
			sourceTree = "<group>";
		};
		5C1F161121E82CA2001DAAC7 /* Products */ = {
			isa = PBXGroup;
			children = (
				5C1F161021E82CA2001DAAC7 /* RFDatePickerView.app */,
				5C1F162821E82CA3001DAAC7 /* RFDatePickerViewTests.xctest */,
				5C1F163321E82CA3001DAAC7 /* RFDatePickerViewUITests.xctest */,
			);
			name = Products;
			sourceTree = "<group>";
		};
		5C1F161221E82CA2001DAAC7 /* RFDatePickerView */ = {
			isa = PBXGroup;
			children = (
				5C1F161321E82CA2001DAAC7 /* AppDelegate.h */,
				5C1F161421E82CA2001DAAC7 /* AppDelegate.m */,
				5C1F161621E82CA2001DAAC7 /* ViewController.h */,
				5C1F161721E82CA2001DAAC7 /* ViewController.m */,
				5C1F161921E82CA2001DAAC7 /* Main.storyboard */,
				5C1F161C21E82CA3001DAAC7 /* Assets.xcassets */,
				5C1F161E21E82CA3001DAAC7 /* LaunchScreen.storyboard */,
				5C1F162121E82CA3001DAAC7 /* Info.plist */,
				5C1F162221E82CA3001DAAC7 /* main.m */,
			);
			path = RFDatePickerView;
			sourceTree = "<group>";
		};
		5C1F162B21E82CA3001DAAC7 /* RFDatePickerViewTests */ = {
			isa = PBXGroup;
			children = (
				5C1F162C21E82CA3001DAAC7 /* RFDatePickerViewTests.m */,
				5C1F162E21E82CA3001DAAC7 /* Info.plist */,
			);
			path = RFDatePickerViewTests;
			sourceTree = "<group>";
		};
		5C1F163621E82CA4001DAAC7 /* RFDatePickerViewUITests */ = {
			isa = PBXGroup;
			children = (
				5C1F163721E82CA4001DAAC7 /* RFDatePickerViewUITests.m */,
				5C1F163921E82CA4001DAAC7 /* Info.plist */,
			);
			path = RFDatePickerViewUITests;
			sourceTree = "<group>";
		};
/* End PBXGroup section */

/* Begin PBXNativeTarget section */
		5C1F160F21E82CA2001DAAC7 /* RFDatePickerView */ = {
			isa = PBXNativeTarget;
			buildConfigurationList = 5C1F163C21E82CA4001DAAC7 /* Build configuration list for PBXNativeTarget "RFDatePickerView" */;
			buildPhases = (
				5C1F160C21E82CA2001DAAC7 /* Sources */,
				5C1F160D21E82CA2001DAAC7 /* Frameworks */,
				5C1F160E21E82CA2001DAAC7 /* Resources */,
			);
			buildRules = (
			);
			dependencies = (
			);
			name = RFDatePickerView;
			productName = RFDatePickerView;
			productReference = 5C1F161021E82CA2001DAAC7 /* RFDatePickerView.app */;
			productType = "com.apple.product-type.application";
		};
		5C1F162721E82CA3001DAAC7 /* RFDatePickerViewTests */ = {
			isa = PBXNativeTarget;
			buildConfigurationList = 5C1F163F21E82CA4001DAAC7 /* Build configuration list for PBXNativeTarget "RFDatePickerViewTests" */;
			buildPhases = (
				5C1F162421E82CA3001DAAC7 /* Sources */,
				5C1F162521E82CA3001DAAC7 /* Frameworks */,
				5C1F162621E82CA3001DAAC7 /* Resources */,
			);
			buildRules = (
			);
			dependencies = (
				5C1F162A21E82CA3001DAAC7 /* PBXTargetDependency */,
			);
			name = RFDatePickerViewTests;
			productName = RFDatePickerViewTests;
			productReference = 5C1F162821E82CA3001DAAC7 /* RFDatePickerViewTests.xctest */;
			productType = "com.apple.product-type.bundle.unit-test";
		};
		5C1F163221E82CA3001DAAC7 /* RFDatePickerViewUITests */ = {
			isa = PBXNativeTarget;
			buildConfigurationList = 5C1F164221E82CA4001DAAC7 /* Build configuration list for PBXNativeTarget "RFDatePickerViewUITests" */;
			buildPhases = (
				5C1F162F21E82CA3001DAAC7 /* Sources */,
				5C1F163021E82CA3001DAAC7 /* Frameworks */,
				5C1F163121E82CA3001DAAC7 /* Resources */,
			);
			buildRules = (
			);
			dependencies = (
				5C1F163521E82CA3001DAAC7 /* PBXTargetDependency */,
			);
			name = RFDatePickerViewUITests;
			productName = RFDatePickerViewUITests;
			productReference = 5C1F163321E82CA3001DAAC7 /* RFDatePickerViewUITests.xctest */;
			productType = "com.apple.product-type.bundle.ui-testing";
		};
/* End PBXNativeTarget section */

/* Begin PBXProject section */
		5C1F160821E82CA2001DAAC7 /* Project object */ = {
			isa = PBXProject;
			attributes = {
				LastUpgradeCheck = 1010;
				ORGANIZATIONNAME = rocky;
				TargetAttributes = {
					5C1F160F21E82CA2001DAAC7 = {
						CreatedOnToolsVersion = 10.1;
					};
					5C1F162721E82CA3001DAAC7 = {
						CreatedOnToolsVersion = 10.1;
						TestTargetID = 5C1F160F21E82CA2001DAAC7;
					};
					5C1F163221E82CA3001DAAC7 = {
						CreatedOnToolsVersion = 10.1;
						TestTargetID = 5C1F160F21E82CA2001DAAC7;
					};
				};
			};
			buildConfigurationList = 5C1F160B21E82CA2001DAAC7 /* Build configuration list for PBXProject "RFDatePickerView" */;
			compatibilityVersion = "Xcode 9.3";
			developmentRegion = en;
			hasScannedForEncodings = 0;
			knownRegions = (
				en,
				Base,
			);
			mainGroup = 5C1F160721E82CA2001DAAC7;
			productRefGroup = 5C1F161121E82CA2001DAAC7 /* Products */;
			projectDirPath = "";
			projectRoot = "";
			targets = (
				5C1F160F21E82CA2001DAAC7 /* RFDatePickerView */,
				5C1F162721E82CA3001DAAC7 /* RFDatePickerViewTests */,
				5C1F163221E82CA3001DAAC7 /* RFDatePickerViewUITests */,
			);
		};
/* End PBXProject section */

/* Begin PBXResourcesBuildPhase section */
		5C1F160E21E82CA2001DAAC7 /* Resources */ = {
			isa = PBXResourcesBuildPhase;
			buildActionMask = 2147483647;
			files = (
				5C1F162021E82CA3001DAAC7 /* LaunchScreen.storyboard in Resources */,
				5C1F161D21E82CA3001DAAC7 /* Assets.xcassets in Resources */,
				5C1F161B21E82CA2001DAAC7 /* Main.storyboard in Resources */,
			);
			runOnlyForDeploymentPostprocessing = 0;
		};
		5C1F162621E82CA3001DAAC7 /* Resources */ = {
			isa = PBXResourcesBuildPhase;
			buildActionMask = 2147483647;
			files = (
			);
			runOnlyForDeploymentPostprocessing = 0;
		};
		5C1F163121E82CA3001DAAC7 /* Resources */ = {
			isa = PBXResourcesBuildPhase;
			buildActionMask = 2147483647;
			files = (
			);
			runOnlyForDeploymentPostprocessing = 0;
		};
/* End PBXResourcesBuildPhase section */

/* Begin PBXSourcesBuildPhase section */
		5C1F160C21E82CA2001DAAC7 /* Sources */ = {
			isa = PBXSourcesBuildPhase;
			buildActionMask = 2147483647;
			files = (
				5C1F161821E82CA2001DAAC7 /* ViewController.m in Sources */,
				5C1F162321E82CA3001DAAC7 /* main.m in Sources */,
				5C1F161521E82CA2001DAAC7 /* AppDelegate.m in Sources */,
			);
			runOnlyForDeploymentPostprocessing = 0;
		};
		5C1F162421E82CA3001DAAC7 /* Sources */ = {
			isa = PBXSourcesBuildPhase;
			buildActionMask = 2147483647;
			files = (
				5C1F162D21E82CA3001DAAC7 /* RFDatePickerViewTests.m in Sources */,
			);
			runOnlyForDeploymentPostprocessing = 0;
		};
		5C1F162F21E82CA3001DAAC7 /* Sources */ = {
			isa = PBXSourcesBuildPhase;
			buildActionMask = 2147483647;
			files = (
				5C1F163821E82CA4001DAAC7 /* RFDatePickerViewUITests.m in Sources */,
			);
			runOnlyForDeploymentPostprocessing = 0;
		};
/* End PBXSourcesBuildPhase section */

/* Begin PBXTargetDependency section */
		5C1F162A21E82CA3001DAAC7 /* PBXTargetDependency */ = {
			isa = PBXTargetDependency;
			target = 5C1F160F21E82CA2001DAAC7 /* RFDatePickerView */;
			targetProxy = 5C1F162921E82CA3001DAAC7 /* PBXContainerItemProxy */;
		};
		5C1F163521E82CA3001DAAC7 /* PBXTargetDependency */ = {
			isa = PBXTargetDependency;
			target = 5C1F160F21E82CA2001DAAC7 /* RFDatePickerView */;
			targetProxy = 5C1F163421E82CA3001DAAC7 /* PBXContainerItemProxy */;
		};
/* End PBXTargetDependency section */

/* Begin PBXVariantGroup section */
		5C1F161921E82CA2001DAAC7 /* Main.storyboard */ = {
			isa = PBXVariantGroup;
			children = (
				5C1F161A21E82CA2001DAAC7 /* Base */,
			);
			name = Main.storyboard;
			sourceTree = "<group>";
		};
		5C1F161E21E82CA3001DAAC7 /* LaunchScreen.storyboard */ = {
			isa = PBXVariantGroup;
			children = (
				5C1F161F21E82CA3001DAAC7 /* Base */,
			);
			name = LaunchScreen.storyboard;
			sourceTree = "<group>";
		};
/* End PBXVariantGroup section */

/* Begin XCBuildConfiguration section */
		5C1F163A21E82CA4001DAAC7 /* Debug */ = {
			isa = XCBuildConfiguration;
			buildSettings = {
				ALWAYS_SEARCH_USER_PATHS = NO;
				CLANG_ANALYZER_NONNULL = YES;
				CLANG_ANALYZER_NUMBER_OBJECT_CONVERSION = YES_AGGRESSIVE;
				CLANG_CXX_LANGUAGE_STANDARD = "gnu++14";
				CLANG_CXX_LIBRARY = "libc++";
				CLANG_ENABLE_MODULES = YES;
				CLANG_ENABLE_OBJC_ARC = YES;
				CLANG_ENABLE_OBJC_WEAK = YES;
				CLANG_WARN_BLOCK_CAPTURE_AUTORELEASING = YES;
				CLANG_WARN_BOOL_CONVERSION = YES;
				CLANG_WARN_COMMA = YES;
				CLANG_WARN_CONSTANT_CONVERSION = YES;
				CLANG_WARN_DEPRECATED_OBJC_IMPLEMENTATIONS = YES;
				CLANG_WARN_DIRECT_OBJC_ISA_USAGE = YES_ERROR;
				CLANG_WARN_DOCUMENTATION_COMMENTS = YES;
				CLANG_WARN_EMPTY_BODY = YES;
				CLANG_WARN_ENUM_CONVERSION = YES;
				CLANG_WARN_INFINITE_RECURSION = YES;
				CLANG_WARN_INT_CONVERSION = YES;
				CLANG_WARN_NON_LITERAL_NULL_CONVERSION = YES;
				CLANG_WARN_OBJC_IMPLICIT_RETAIN_SELF = YES;
				CLANG_WARN_OBJC_LITERAL_CONVERSION = YES;
				CLANG_WARN_OBJC_ROOT_CLASS = YES_ERROR;
				CLANG_WARN_RANGE_LOOP_ANALYSIS = YES;
				CLANG_WARN_STRICT_PROTOTYPES = YES;
				CLANG_WARN_SUSPICIOUS_MOVE = YES;
				CLANG_WARN_UNGUARDED_AVAILABILITY = YES_AGGRESSIVE;
				CLANG_WARN_UNREACHABLE_CODE = YES;
				CLANG_WARN__DUPLICATE_METHOD_MATCH = YES;
				CODE_SIGN_IDENTITY = "iPhone Developer";
				COPY_PHASE_STRIP = NO;
				DEBUG_INFORMATION_FORMAT = dwarf;
				ENABLE_STRICT_OBJC_MSGSEND = YES;
				ENABLE_TESTABILITY = YES;
				GCC_C_LANGUAGE_STANDARD = gnu11;
				GCC_DYNAMIC_NO_PIC = NO;
				GCC_NO_COMMON_BLOCKS = YES;
				GCC_OPTIMIZATION_LEVEL = 0;
				GCC_PREPROCESSOR_DEFINITIONS = (
					"DEBUG=1",
					"$(inherited)",
				);
				GCC_WARN_64_TO_32_BIT_CONVERSION = YES;
				GCC_WARN_ABOUT_RETURN_TYPE = YES_ERROR;
				GCC_WARN_UNDECLARED_SELECTOR = YES;
				GCC_WARN_UNINITIALIZED_AUTOS = YES_AGGRESSIVE;
				GCC_WARN_UNUSED_FUNCTION = YES;
				GCC_WARN_UNUSED_VARIABLE = YES;
				IPHONEOS_DEPLOYMENT_TARGET = 12.1;
				MTL_ENABLE_DEBUG_INFO = INCLUDE_SOURCE;
				MTL_FAST_MATH = YES;
				ONLY_ACTIVE_ARCH = YES;
				SDKROOT = iphoneos;
			};
			name = Debug;
		};
		5C1F163B21E82CA4001DAAC7 /* Release */ = {
			isa = XCBuildConfiguration;
			buildSettings = {
				ALWAYS_SEARCH_USER_PATHS = NO;
				CLANG_ANALYZER_NONNULL = YES;
				CLANG_ANALYZER_NUMBER_OBJECT_CONVERSION = YES_AGGRESSIVE;
				CLANG_CXX_LANGUAGE_STANDARD = "gnu++14";
				CLANG_CXX_LIBRARY = "libc++";
				CLANG_ENABLE_MODULES = YES;
				CLANG_ENABLE_OBJC_ARC = YES;
				CLANG_ENABLE_OBJC_WEAK = YES;
				CLANG_WARN_BLOCK_CAPTURE_AUTORELEASING = YES;
				CLANG_WARN_BOOL_CONVERSION = YES;
				CLANG_WARN_COMMA = YES;
				CLANG_WARN_CONSTANT_CONVERSION = YES;
				CLANG_WARN_DEPRECATED_OBJC_IMPLEMENTATIONS = YES;
				CLANG_WARN_DIRECT_OBJC_ISA_USAGE = YES_ERROR;
				CLANG_WARN_DOCUMENTATION_COMMENTS = YES;
				CLANG_WARN_EMPTY_BODY = YES;
				CLANG_WARN_ENUM_CONVERSION = YES;
				CLANG_WARN_INFINITE_RECURSION = YES;
				CLANG_WARN_INT_CONVERSION = YES;
				CLANG_WARN_NON_LITERAL_NULL_CONVERSION = YES;
				CLANG_WARN_OBJC_IMPLICIT_RETAIN_SELF = YES;
				CLANG_WARN_OBJC_LITERAL_CONVERSION = YES;
				CLANG_WARN_OBJC_ROOT_CLASS = YES_ERROR;
				CLANG_WARN_RANGE_LOOP_ANALYSIS = YES;
				CLANG_WARN_STRICT_PROTOTYPES = YES;
				CLANG_WARN_SUSPICIOUS_MOVE = YES;
				CLANG_WARN_UNGUARDED_AVAILABILITY = YES_AGGRESSIVE;
				CLANG_WARN_UNREACHABLE_CODE = YES;
				CLANG_WARN__DUPLICATE_METHOD_MATCH = YES;
				CODE_SIGN_IDENTITY = "iPhone Developer";
				COPY_PHASE_STRIP = NO;
				DEBUG_INFORMATION_FORMAT = "dwarf-with-dsym";
				ENABLE_NS_ASSERTIONS = NO;
				ENABLE_STRICT_OBJC_MSGSEND = YES;
				GCC_C_LANGUAGE_STANDARD = gnu11;
				GCC_NO_COMMON_BLOCKS = YES;
				GCC_WARN_64_TO_32_BIT_CONVERSION = YES;
				GCC_WARN_ABOUT_RETURN_TYPE = YES_ERROR;
				GCC_WARN_UNDECLARED_SELECTOR = YES;
				GCC_WARN_UNINITIALIZED_AUTOS = YES_AGGRESSIVE;
				GCC_WARN_UNUSED_FUNCTION = YES;
				GCC_WARN_UNUSED_VARIABLE = YES;
				IPHONEOS_DEPLOYMENT_TARGET = 12.1;
				MTL_ENABLE_DEBUG_INFO = NO;
				MTL_FAST_MATH = YES;
				SDKROOT = iphoneos;
				VALIDATE_PRODUCT = YES;
			};
			name = Release;
		};
		5C1F163D21E82CA4001DAAC7 /* Debug */ = {
			isa = XCBuildConfiguration;
			buildSettings = {
				ASSETCATALOG_COMPILER_APPICON_NAME = AppIcon;
				CODE_SIGN_STYLE = Automatic;
				INFOPLIST_FILE = RFDatePickerView/Info.plist;
				LD_RUNPATH_SEARCH_PATHS = (
					"$(inherited)",
					"@executable_path/Frameworks",
				);
				PRODUCT_BUNDLE_IDENTIFIER = RF.RFDatePickerView;
				PRODUCT_NAME = "$(TARGET_NAME)";
				TARGETED_DEVICE_FAMILY = "1,2";
			};
			name = Debug;
		};
		5C1F163E21E82CA4001DAAC7 /* Release */ = {
			isa = XCBuildConfiguration;
			buildSettings = {
				ASSETCATALOG_COMPILER_APPICON_NAME = AppIcon;
				CODE_SIGN_STYLE = Automatic;
				INFOPLIST_FILE = RFDatePickerView/Info.plist;
				LD_RUNPATH_SEARCH_PATHS = (
					"$(inherited)",
					"@executable_path/Frameworks",
				);
				PRODUCT_BUNDLE_IDENTIFIER = RF.RFDatePickerView;
				PRODUCT_NAME = "$(TARGET_NAME)";
				TARGETED_DEVICE_FAMILY = "1,2";
			};
			name = Release;
		};
		5C1F164021E82CA4001DAAC7 /* Debug */ = {
			isa = XCBuildConfiguration;
			buildSettings = {
				BUNDLE_LOADER = "$(TEST_HOST)";
				CODE_SIGN_STYLE = Automatic;
				INFOPLIST_FILE = RFDatePickerViewTests/Info.plist;
				LD_RUNPATH_SEARCH_PATHS = (
					"$(inherited)",
					"@executable_path/Frameworks",
					"@loader_path/Frameworks",
				);
				PRODUCT_BUNDLE_IDENTIFIER = RF.RFDatePickerViewTests;
				PRODUCT_NAME = "$(TARGET_NAME)";
				TARGETED_DEVICE_FAMILY = "1,2";
				TEST_HOST = "$(BUILT_PRODUCTS_DIR)/RFDatePickerView.app/RFDatePickerView";
			};
			name = Debug;
		};
		5C1F164121E82CA4001DAAC7 /* Release */ = {
			isa = XCBuildConfiguration;
			buildSettings = {
				BUNDLE_LOADER = "$(TEST_HOST)";
				CODE_SIGN_STYLE = Automatic;
				INFOPLIST_FILE = RFDatePickerViewTests/Info.plist;
				LD_RUNPATH_SEARCH_PATHS = (
					"$(inherited)",
					"@executable_path/Frameworks",
					"@loader_path/Frameworks",
				);
				PRODUCT_BUNDLE_IDENTIFIER = RF.RFDatePickerViewTests;
				PRODUCT_NAME = "$(TARGET_NAME)";
				TARGETED_DEVICE_FAMILY = "1,2";
				TEST_HOST = "$(BUILT_PRODUCTS_DIR)/RFDatePickerView.app/RFDatePickerView";
			};
			name = Release;
		};
		5C1F164321E82CA4001DAAC7 /* Debug */ = {
			isa = XCBuildConfiguration;
			buildSettings = {
				CODE_SIGN_STYLE = Automatic;
				INFOPLIST_FILE = RFDatePickerViewUITests/Info.plist;
				LD_RUNPATH_SEARCH_PATHS = (
					"$(inherited)",
					"@executable_path/Frameworks",
					"@loader_path/Frameworks",
				);
				PRODUCT_BUNDLE_IDENTIFIER = RF.RFDatePickerViewUITests;
				PRODUCT_NAME = "$(TARGET_NAME)";
				TARGETED_DEVICE_FAMILY = "1,2";
				TEST_TARGET_NAME = RFDatePickerView;
			};
			name = Debug;
		};
		5C1F164421E82CA4001DAAC7 /* Release */ = {
			isa = XCBuildConfiguration;
			buildSettings = {
				CODE_SIGN_STYLE = Automatic;
				INFOPLIST_FILE = RFDatePickerViewUITests/Info.plist;
				LD_RUNPATH_SEARCH_PATHS = (
					"$(inherited)",
					"@executable_path/Frameworks",
					"@loader_path/Frameworks",
				);
				PRODUCT_BUNDLE_IDENTIFIER = RF.RFDatePickerViewUITests;
				PRODUCT_NAME = "$(TARGET_NAME)";
				TARGETED_DEVICE_FAMILY = "1,2";
				TEST_TARGET_NAME = RFDatePickerView;
			};
			name = Release;
		};
/* End XCBuildConfiguration section */

/* Begin XCConfigurationList section */
		5C1F160B21E82CA2001DAAC7 /* Build configuration list for PBXProject "RFDatePickerView" */ = {
			isa = XCConfigurationList;
			buildConfigurations = (
				5C1F163A21E82CA4001DAAC7 /* Debug */,
				5C1F163B21E82CA4001DAAC7 /* Release */,
			);
			defaultConfigurationIsVisible = 0;
			defaultConfigurationName = Release;
		};
		5C1F163C21E82CA4001DAAC7 /* Build configuration list for PBXNativeTarget "RFDatePickerView" */ = {
			isa = XCConfigurationList;
			buildConfigurations = (
				5C1F163D21E82CA4001DAAC7 /* Debug */,
				5C1F163E21E82CA4001DAAC7 /* Release */,
			);
			defaultConfigurationIsVisible = 0;
			defaultConfigurationName = Release;
		};
		5C1F163F21E82CA4001DAAC7 /* Build configuration list for PBXNativeTarget "RFDatePickerViewTests" */ = {
			isa = XCConfigurationList;
			buildConfigurations = (
				5C1F164021E82CA4001DAAC7 /* Debug */,
				5C1F164121E82CA4001DAAC7 /* Release */,
			);
			defaultConfigurationIsVisible = 0;
			defaultConfigurationName = Release;
		};
		5C1F164221E82CA4001DAAC7 /* Build configuration list for PBXNativeTarget "RFDatePickerViewUITests" */ = {
			isa = XCConfigurationList;
			buildConfigurations = (
				5C1F164321E82CA4001DAAC7 /* Debug */,
				5C1F164421E82CA4001DAAC7 /* Release */,
			);
			defaultConfigurationIsVisible = 0;
			defaultConfigurationName = Release;
		};
/* End XCConfigurationList section */
	};
	rootObject = 5C1F160821E82CA2001DAAC7 /* Project object */;
}
